
Microsoft Visual Studio Solution File, Format Version 12.00
# Visual Studio 2013
VisualStudioVersion = 12.0.0.0
MinimumVisualStudioVersion = 10.0.0.1
Project("{FAE04EC0-301F-11D3-BF4B-00C04F79EFBC}") = "NFlags", "NFlags/NFlags.csproj", "{5D6C0671-E64E-42FB-9264-24B9672B5069}"
EndProject
Project("{2150E333-8FDC-42A3-9474-1A3956D46DE8}") = "Examples", "Examples", "{95718B1C-2632-42E1-A88A-F0CE18326711}"
EndProject
Project("{FAE04EC0-301F-11D3-BF4B-00C04F79EFBC}") = "NFlags.Tests", "NFlags.Tests\NFlags.Tests.csproj", "{F2ECE7B2-BED2-4194-BC53-7FFC41596E58}"
EndProject
Project("{FAE04EC0-301F-11D3-BF4B-00C04F79EFBC}") = "NFlags.Gnu", "Examples\NFlags.Gnu\NFlags.Gnu.csproj", "{1918F6C9-0544-4158-AAC8-E7FB2343693F}"
EndProject
Project("{FAE04EC0-301F-11D3-BF4B-00C04F79EFBC}") = "NFlags.Win", "Examples\NFlags.Win\NFlags.Win.csproj", "{623BCBD5-BDA7-4075-BC34-026B59BC1442}"
EndProject
Project("{FAE04EC0-301F-11D3-BF4B-00C04F79EFBC}") = "NFlags.Empty", "Examples\NFlags.Empty\NFlags.Empty.csproj", "{AD6D315F-C4B7-4141-A862-9CDE938AFBCA}"
EndProject
Project("{FAE04EC0-301F-11D3-BF4B-00C04F79EFBC}") = "NFlags.QuickStart", "Examples\NFlags.QuickStart\NFlags.QuickStart.csproj", "{24EDE0F3-45AB-4F5C-8306-9C4C9BDA5E08}"
EndProject
Project("{FAE04EC0-301F-11D3-BF4B-00C04F79EFBC}") = "NFlags.Converters", "Examples\NFlags.Converters\NFlags.Converters.csproj", "{E4E66FF9-D076-4AC8-9D46-11568261043D}"
EndProject
Project("{FAE04EC0-301F-11D3-BF4B-00C04F79EFBC}") = "NFlags.Generics", "Examples\NFlags.Generics\NFlags.Generics.csproj", "{C434A338-D335-4A11-9E24-03835EE12833}"
EndProject
Global
	GlobalSection(SolutionConfigurationPlatforms) = preSolution
		Debug|Any CPU = Debug|Any CPU
		Release|Any CPU = Release|Any CPU
	EndGlobalSection
	GlobalSection(ProjectConfigurationPlatforms) = postSolution
		{5D6C0671-E64E-42FB-9264-24B9672B5069}.Debug|Any CPU.ActiveCfg = Debug|Any CPU
		{5D6C0671-E64E-42FB-9264-24B9672B5069}.Debug|Any CPU.Build.0 = Debug|Any CPU
		{5D6C0671-E64E-42FB-9264-24B9672B5069}.Release|Any CPU.ActiveCfg = Release|Any CPU
		{5D6C0671-E64E-42FB-9264-24B9672B5069}.Release|Any CPU.Build.0 = Release|Any CPU
		{F2ECE7B2-BED2-4194-BC53-7FFC41596E58}.Debug|Any CPU.ActiveCfg = Debug|Any CPU
		{F2ECE7B2-BED2-4194-BC53-7FFC41596E58}.Debug|Any CPU.Build.0 = Debug|Any CPU
		{F2ECE7B2-BED2-4194-BC53-7FFC41596E58}.Release|Any CPU.ActiveCfg = Release|Any CPU
		{F2ECE7B2-BED2-4194-BC53-7FFC41596E58}.Release|Any CPU.Build.0 = Release|Any CPU
		{1918F6C9-0544-4158-AAC8-E7FB2343693F}.Debug|Any CPU.ActiveCfg = Debug|Any CPU
		{1918F6C9-0544-4158-AAC8-E7FB2343693F}.Debug|Any CPU.Build.0 = Debug|Any CPU
		{1918F6C9-0544-4158-AAC8-E7FB2343693F}.Release|Any CPU.ActiveCfg = Release|Any CPU
		{1918F6C9-0544-4158-AAC8-E7FB2343693F}.Release|Any CPU.Build.0 = Release|Any CPU
		{623BCBD5-BDA7-4075-BC34-026B59BC1442}.Debug|Any CPU.ActiveCfg = Debug|Any CPU
		{623BCBD5-BDA7-4075-BC34-026B59BC1442}.Debug|Any CPU.Build.0 = Debug|Any CPU
		{623BCBD5-BDA7-4075-BC34-026B59BC1442}.Release|Any CPU.ActiveCfg = Release|Any CPU
		{623BCBD5-BDA7-4075-BC34-026B59BC1442}.Release|Any CPU.Build.0 = Release|Any CPU
		{AD6D315F-C4B7-4141-A862-9CDE938AFBCA}.Debug|Any CPU.ActiveCfg = Debug|Any CPU
		{AD6D315F-C4B7-4141-A862-9CDE938AFBCA}.Debug|Any CPU.Build.0 = Debug|Any CPU
		{AD6D315F-C4B7-4141-A862-9CDE938AFBCA}.Release|Any CPU.ActiveCfg = Release|Any CPU
		{AD6D315F-C4B7-4141-A862-9CDE938AFBCA}.Release|Any CPU.Build.0 = Release|Any CPU
		{24EDE0F3-45AB-4F5C-8306-9C4C9BDA5E08}.Debug|Any CPU.ActiveCfg = Debug|Any CPU
		{24EDE0F3-45AB-4F5C-8306-9C4C9BDA5E08}.Debug|Any CPU.Build.0 = Debug|Any CPU
		{24EDE0F3-45AB-4F5C-8306-9C4C9BDA5E08}.Release|Any CPU.ActiveCfg = Release|Any CPU
		{24EDE0F3-45AB-4F5C-8306-9C4C9BDA5E08}.Release|Any CPU.Build.0 = Release|Any CPU
		{E4E66FF9-D076-4AC8-9D46-11568261043D}.Debug|Any CPU.ActiveCfg = Debug|Any CPU
		{E4E66FF9-D076-4AC8-9D46-11568261043D}.Debug|Any CPU.Build.0 = Debug|Any CPU
		{E4E66FF9-D076-4AC8-9D46-11568261043D}.Release|Any CPU.ActiveCfg = Release|Any CPU
		{E4E66FF9-D076-4AC8-9D46-11568261043D}.Release|Any CPU.Build.0 = Release|Any CPU
		{C434A338-D335-4A11-9E24-03835EE12833}.Debug|Any CPU.ActiveCfg = Debug|Any CPU
		{C434A338-D335-4A11-9E24-03835EE12833}.Debug|Any CPU.Build.0 = Debug|Any CPU
		{C434A338-D335-4A11-9E24-03835EE12833}.Release|Any CPU.ActiveCfg = Release|Any CPU
		{C434A338-D335-4A11-9E24-03835EE12833}.Release|Any CPU.Build.0 = Release|Any CPU
	EndGlobalSection
	GlobalSection(SolutionProperties) = preSolution
		HideSolutionNode = FALSE
	EndGlobalSection
	GlobalSection(NestedProjects) = preSolution
		{1918F6C9-0544-4158-AAC8-E7FB2343693F} = {95718B1C-2632-42E1-A88A-F0CE18326711}
		{623BCBD5-BDA7-4075-BC34-026B59BC1442} = {95718B1C-2632-42E1-A88A-F0CE18326711}
		{AD6D315F-C4B7-4141-A862-9CDE938AFBCA} = {95718B1C-2632-42E1-A88A-F0CE18326711}
		{24EDE0F3-45AB-4F5C-8306-9C4C9BDA5E08} = {95718B1C-2632-42E1-A88A-F0CE18326711}
		{E4E66FF9-D076-4AC8-9D46-11568261043D} = {95718B1C-2632-42E1-A88A-F0CE18326711}
		{C434A338-D335-4A11-9E24-03835EE12833} = {95718B1C-2632-42E1-A88A-F0CE18326711}
	EndGlobalSection
EndGlobal
